// !$*UTF8*$!
{
	archiveVersion = 1;
	classes = {
	};
	objectVersion = 50;
	objects = {

/* Begin PBXBuildFile section */
		351B3A602678E7A600853A09 /* AspectVGrid.swift in Sources */ = {isa = PBXBuildFile; fileRef = 351B3A5F2678E7A600853A09 /* AspectVGrid.swift */; };
		352B16B4267306D6001F33CB /* SoloSetApp.swift in Sources */ = {isa = PBXBuildFile; fileRef = 352B16B3267306D6001F33CB /* SoloSetApp.swift */; };
		352B16B6267306D6001F33CB /* SetGameView.swift in Sources */ = {isa = PBXBuildFile; fileRef = 352B16B5267306D6001F33CB /* SetGameView.swift */; };
		352B16B8267306D7001F33CB /* Assets.xcassets in Resources */ = {isa = PBXBuildFile; fileRef = 352B16B7267306D7001F33CB /* Assets.xcassets */; };
		352B16BB267306D7001F33CB /* Preview Assets.xcassets in Resources */ = {isa = PBXBuildFile; fileRef = 352B16BA267306D7001F33CB /* Preview Assets.xcassets */; };
		352B16C6267306D7001F33CB /* SoloSetTests.swift in Sources */ = {isa = PBXBuildFile; fileRef = 352B16C5267306D7001F33CB /* SoloSetTests.swift */; };
		352B16D1267306D7001F33CB /* SoloSetUITests.swift in Sources */ = {isa = PBXBuildFile; fileRef = 352B16D0267306D7001F33CB /* SoloSetUITests.swift */; };
		352B16DF26730E03001F33CB /* CardViewShape.swift in Sources */ = {isa = PBXBuildFile; fileRef = 352B16DE26730E03001F33CB /* CardViewShape.swift */; };
		3546302C26735CBE0046D879 /* SetGame.swift in Sources */ = {isa = PBXBuildFile; fileRef = 3546302B26735CBE0046D879 /* SetGame.swift */; };
		3546302E26735D510046D879 /* CardLogic.swift in Sources */ = {isa = PBXBuildFile; fileRef = 3546302D26735D510046D879 /* CardLogic.swift */; };
		356987272673B2A800A7B60D /* Card.swift in Sources */ = {isa = PBXBuildFile; fileRef = 356987262673B2A800A7B60D /* Card.swift */; };
		356987292673B2CF00A7B60D /* ModelEnum.swift in Sources */ = {isa = PBXBuildFile; fileRef = 356987282673B2CF00A7B60D /* ModelEnum.swift */; };
		35874CB52678C1EA006C7247 /* SetGameBaseView.swift in Sources */ = {isa = PBXBuildFile; fileRef = 35874CB42678C1EA006C7247 /* SetGameBaseView.swift */; };
		35874CBA2678C8CB006C7247 /* RuleSheet.swift in Sources */ = {isa = PBXBuildFile; fileRef = 35874CB92678C8CB006C7247 /* RuleSheet.swift */; };
		3589F1C3267AF24B00D59F58 /* Localizable.strings in Resources */ = {isa = PBXBuildFile; fileRef = 3589F1C5267AF24B00D59F58 /* Localizable.strings */; };
		3589F1C8267B018600D59F58 /* ExampleCards.swift in Sources */ = {isa = PBXBuildFile; fileRef = 3589F1C7267B018600D59F58 /* ExampleCards.swift */; };
		35BE22C226743BFC0049B6B4 /* CardView.swift in Sources */ = {isa = PBXBuildFile; fileRef = 35BE22C126743BFC0049B6B4 /* CardView.swift */; };
		35BE22C4267440E30049B6B4 /* Theme.swift in Sources */ = {isa = PBXBuildFile; fileRef = 35BE22C3267440E30049B6B4 /* Theme.swift */; };
		35BE22C8267443A30049B6B4 /* CardContentView.swift in Sources */ = {isa = PBXBuildFile; fileRef = 35BE22C7267443A30049B6B4 /* CardContentView.swift */; };
		35BE22CD267458BF0049B6B4 /* CardBackView.swift in Sources */ = {isa = PBXBuildFile; fileRef = 35BE22CC267458BF0049B6B4 /* CardBackView.swift */; };
/* End PBXBuildFile section */

/* Begin PBXContainerItemProxy section */
		352B16C2267306D7001F33CB /* PBXContainerItemProxy */ = {
			isa = PBXContainerItemProxy;
			containerPortal = 352B16A8267306D6001F33CB /* Project object */;
			proxyType = 1;
			remoteGlobalIDString = 352B16AF267306D6001F33CB;
			remoteInfo = SoloSet;
		};
		352B16CD267306D7001F33CB /* PBXContainerItemProxy */ = {
			isa = PBXContainerItemProxy;
			containerPortal = 352B16A8267306D6001F33CB /* Project object */;
			proxyType = 1;
			remoteGlobalIDString = 352B16AF267306D6001F33CB;
			remoteInfo = SoloSet;
		};
/* End PBXContainerItemProxy section */

/* Begin PBXFileReference section */
		351B3A5F2678E7A600853A09 /* AspectVGrid.swift */ = {isa = PBXFileReference; fileEncoding = 4; lastKnownFileType = sourcecode.swift; path = AspectVGrid.swift; sourceTree = "<group>"; };
		352B16B0267306D6001F33CB /* SoloSet.app */ = {isa = PBXFileReference; explicitFileType = wrapper.application; includeInIndex = 0; path = SoloSet.app; sourceTree = BUILT_PRODUCTS_DIR; };
		352B16B3267306D6001F33CB /* SoloSetApp.swift */ = {isa = PBXFileReference; lastKnownFileType = sourcecode.swift; path = SoloSetApp.swift; sourceTree = "<group>"; };
		352B16B5267306D6001F33CB /* SetGameView.swift */ = {isa = PBXFileReference; lastKnownFileType = sourcecode.swift; path = SetGameView.swift; sourceTree = "<group>"; };
		352B16B7267306D7001F33CB /* Assets.xcassets */ = {isa = PBXFileReference; lastKnownFileType = folder.assetcatalog; path = Assets.xcassets; sourceTree = "<group>"; };
		352B16BA267306D7001F33CB /* Preview Assets.xcassets */ = {isa = PBXFileReference; lastKnownFileType = folder.assetcatalog; path = "Preview Assets.xcassets"; sourceTree = "<group>"; };
		352B16BC267306D7001F33CB /* Info.plist */ = {isa = PBXFileReference; lastKnownFileType = text.plist.xml; path = Info.plist; sourceTree = "<group>"; };
		352B16C1267306D7001F33CB /* SoloSetTests.xctest */ = {isa = PBXFileReference; explicitFileType = wrapper.cfbundle; includeInIndex = 0; path = SoloSetTests.xctest; sourceTree = BUILT_PRODUCTS_DIR; };
		352B16C5267306D7001F33CB /* SoloSetTests.swift */ = {isa = PBXFileReference; lastKnownFileType = sourcecode.swift; path = SoloSetTests.swift; sourceTree = "<group>"; };
		352B16C7267306D7001F33CB /* Info.plist */ = {isa = PBXFileReference; lastKnownFileType = text.plist.xml; path = Info.plist; sourceTree = "<group>"; };
		352B16CC267306D7001F33CB /* SoloSetUITests.xctest */ = {isa = PBXFileReference; explicitFileType = wrapper.cfbundle; includeInIndex = 0; path = SoloSetUITests.xctest; sourceTree = BUILT_PRODUCTS_DIR; };
		352B16D0267306D7001F33CB /* SoloSetUITests.swift */ = {isa = PBXFileReference; lastKnownFileType = sourcecode.swift; path = SoloSetUITests.swift; sourceTree = "<group>"; };
		352B16D2267306D7001F33CB /* Info.plist */ = {isa = PBXFileReference; lastKnownFileType = text.plist.xml; path = Info.plist; sourceTree = "<group>"; };
		352B16DE26730E03001F33CB /* CardViewShape.swift */ = {isa = PBXFileReference; lastKnownFileType = sourcecode.swift; path = CardViewShape.swift; sourceTree = "<group>"; };
		3546302B26735CBE0046D879 /* SetGame.swift */ = {isa = PBXFileReference; lastKnownFileType = sourcecode.swift; path = SetGame.swift; sourceTree = "<group>"; };
		3546302D26735D510046D879 /* CardLogic.swift */ = {isa = PBXFileReference; lastKnownFileType = sourcecode.swift; path = CardLogic.swift; sourceTree = "<group>"; };
		356987262673B2A800A7B60D /* Card.swift */ = {isa = PBXFileReference; lastKnownFileType = sourcecode.swift; path = Card.swift; sourceTree = "<group>"; };
		356987282673B2CF00A7B60D /* ModelEnum.swift */ = {isa = PBXFileReference; lastKnownFileType = sourcecode.swift; path = ModelEnum.swift; sourceTree = "<group>"; };
		35874CB42678C1EA006C7247 /* SetGameBaseView.swift */ = {isa = PBXFileReference; lastKnownFileType = sourcecode.swift; path = SetGameBaseView.swift; sourceTree = "<group>"; };
		35874CB92678C8CB006C7247 /* RuleSheet.swift */ = {isa = PBXFileReference; lastKnownFileType = sourcecode.swift; path = RuleSheet.swift; sourceTree = "<group>"; };
		3589F1C4267AF24B00D59F58 /* en */ = {isa = PBXFileReference; lastKnownFileType = text.plist.strings; name = en; path = en.lproj/Localizable.strings; sourceTree = "<group>"; };
		3589F1C6267AF24E00D59F58 /* zh-Hans */ = {isa = PBXFileReference; lastKnownFileType = text.plist.strings; name = "zh-Hans"; path = "zh-Hans.lproj/Localizable.strings"; sourceTree = "<group>"; };
		3589F1C7267B018600D59F58 /* ExampleCards.swift */ = {isa = PBXFileReference; lastKnownFileType = sourcecode.swift; path = ExampleCards.swift; sourceTree = "<group>"; };
		35BE22C126743BFC0049B6B4 /* CardView.swift */ = {isa = PBXFileReference; lastKnownFileType = sourcecode.swift; path = CardView.swift; sourceTree = "<group>"; };
		35BE22C3267440E30049B6B4 /* Theme.swift */ = {isa = PBXFileReference; lastKnownFileType = sourcecode.swift; path = Theme.swift; sourceTree = "<group>"; };
		35BE22C7267443A30049B6B4 /* CardContentView.swift */ = {isa = PBXFileReference; lastKnownFileType = sourcecode.swift; path = CardContentView.swift; sourceTree = "<group>"; };
		35BE22CC267458BF0049B6B4 /* CardBackView.swift */ = {isa = PBXFileReference; lastKnownFileType = sourcecode.swift; path = CardBackView.swift; sourceTree = "<group>"; };
/* End PBXFileReference section */

/* Begin PBXFrameworksBuildPhase section */
		352B16AD267306D6001F33CB /* Frameworks */ = {
			isa = PBXFrameworksBuildPhase;
			buildActionMask = 2147483647;
			files = (
			);
			runOnlyForDeploymentPostprocessing = 0;
		};
		352B16BE267306D7001F33CB /* Frameworks */ = {
			isa = PBXFrameworksBuildPhase;
			buildActionMask = 2147483647;
			files = (
			);
			runOnlyForDeploymentPostprocessing = 0;
		};
		352B16C9267306D7001F33CB /* Frameworks */ = {
			isa = PBXFrameworksBuildPhase;
			buildActionMask = 2147483647;
			files = (
			);
			runOnlyForDeploymentPostprocessing = 0;
		};
/* End PBXFrameworksBuildPhase section */

/* Begin PBXGroup section */
		352B16A7267306D6001F33CB = {
			isa = PBXGroup;
			children = (
				352B16B2267306D6001F33CB /* SoloSet */,
				352B16C4267306D7001F33CB /* SoloSetTests */,
				352B16CF267306D7001F33CB /* SoloSetUITests */,
				352B16B1267306D6001F33CB /* Products */,
			);
			sourceTree = "<group>";
		};
		352B16B1267306D6001F33CB /* Products */ = {
			isa = PBXGroup;
			children = (
				352B16B0267306D6001F33CB /* SoloSet.app */,
				352B16C1267306D7001F33CB /* SoloSetTests.xctest */,
				352B16CC267306D7001F33CB /* SoloSetUITests.xctest */,
			);
			name = Products;
			sourceTree = "<group>";
		};
		352B16B2267306D6001F33CB /* SoloSet */ = {
			isa = PBXGroup;
			children = (
				352B16B3267306D6001F33CB /* SoloSetApp.swift */,
				356987252673B21D00A7B60D /* Model */,
				356987242673B21100A7B60D /* ViewModel */,
				356987232673B20200A7B60D /* View */,
				352B16B7267306D7001F33CB /* Assets.xcassets */,
				3589F1C5267AF24B00D59F58 /* Localizable.strings */,
				352B16BC267306D7001F33CB /* Info.plist */,
				352B16B9267306D7001F33CB /* Preview Content */,
			);
			path = SoloSet;
			sourceTree = "<group>";
		};
		352B16B9267306D7001F33CB /* Preview Content */ = {
			isa = PBXGroup;
			children = (
				352B16BA267306D7001F33CB /* Preview Assets.xcassets */,
			);
			path = "Preview Content";
			sourceTree = "<group>";
		};
		352B16C4267306D7001F33CB /* SoloSetTests */ = {
			isa = PBXGroup;
			children = (
				352B16C5267306D7001F33CB /* SoloSetTests.swift */,
				352B16C7267306D7001F33CB /* Info.plist */,
			);
			path = SoloSetTests;
			sourceTree = "<group>";
		};
		352B16CF267306D7001F33CB /* SoloSetUITests */ = {
			isa = PBXGroup;
			children = (
				352B16D0267306D7001F33CB /* SoloSetUITests.swift */,
				352B16D2267306D7001F33CB /* Info.plist */,
			);
			path = SoloSetUITests;
			sourceTree = "<group>";
		};
		356987232673B20200A7B60D /* View */ = {
			isa = PBXGroup;
			children = (
				352B16B5267306D6001F33CB /* SetGameView.swift */,
				35874CB42678C1EA006C7247 /* SetGameBaseView.swift */,
				351B3A5F2678E7A600853A09 /* AspectVGrid.swift */,
				35874CB92678C8CB006C7247 /* RuleSheet.swift */,
				35BE22C126743BFC0049B6B4 /* CardView.swift */,
				35BE22C926744A870049B6B4 /* CardContent */,
			);
			path = View;
			sourceTree = "<group>";
		};
		356987242673B21100A7B60D /* ViewModel */ = {
			isa = PBXGroup;
			children = (
				3546302B26735CBE0046D879 /* SetGame.swift */,
			);
			path = ViewModel;
			sourceTree = "<group>";
		};
		356987252673B21D00A7B60D /* Model */ = {
			isa = PBXGroup;
			children = (
				3546302D26735D510046D879 /* CardLogic.swift */,
				356987262673B2A800A7B60D /* Card.swift */,
				356987282673B2CF00A7B60D /* ModelEnum.swift */,
				35BE22C3267440E30049B6B4 /* Theme.swift */,
				3589F1C7267B018600D59F58 /* ExampleCards.swift */,
			);
			path = Model;
			sourceTree = "<group>";
		};
		35BE22C926744A870049B6B4 /* CardContent */ = {
			isa = PBXGroup;
			children = (
				35BE22C7267443A30049B6B4 /* CardContentView.swift */,
				352B16DE26730E03001F33CB /* CardViewShape.swift */,
				35BE22CC267458BF0049B6B4 /* CardBackView.swift */,
			);
			path = CardContent;
			sourceTree = "<group>";
		};
/* End PBXGroup section */

/* Begin PBXNativeTarget section */
		352B16AF267306D6001F33CB /* SoloSet */ = {
			isa = PBXNativeTarget;
			buildConfigurationList = 352B16D5267306D7001F33CB /* Build configuration list for PBXNativeTarget "SoloSet" */;
			buildPhases = (
				352B16AC267306D6001F33CB /* Sources */,
				352B16AD267306D6001F33CB /* Frameworks */,
				352B16AE267306D6001F33CB /* Resources */,
			);
			buildRules = (
			);
			dependencies = (
			);
			name = SoloSet;
			packageProductDependencies = (
			);
			productName = SoloSet;
			productReference = 352B16B0267306D6001F33CB /* SoloSet.app */;
			productType = "com.apple.product-type.application";
		};
		352B16C0267306D7001F33CB /* SoloSetTests */ = {
			isa = PBXNativeTarget;
			buildConfigurationList = 352B16D8267306D7001F33CB /* Build configuration list for PBXNativeTarget "SoloSetTests" */;
			buildPhases = (
				352B16BD267306D7001F33CB /* Sources */,
				352B16BE267306D7001F33CB /* Frameworks */,
				352B16BF267306D7001F33CB /* Resources */,
			);
			buildRules = (
			);
			dependencies = (
				352B16C3267306D7001F33CB /* PBXTargetDependency */,
			);
			name = SoloSetTests;
			productName = SoloSetTests;
			productReference = 352B16C1267306D7001F33CB /* SoloSetTests.xctest */;
			productType = "com.apple.product-type.bundle.unit-test";
		};
		352B16CB267306D7001F33CB /* SoloSetUITests */ = {
			isa = PBXNativeTarget;
			buildConfigurationList = 352B16DB267306D7001F33CB /* Build configuration list for PBXNativeTarget "SoloSetUITests" */;
			buildPhases = (
				352B16C8267306D7001F33CB /* Sources */,
				352B16C9267306D7001F33CB /* Frameworks */,
				352B16CA267306D7001F33CB /* Resources */,
			);
			buildRules = (
			);
			dependencies = (
				352B16CE267306D7001F33CB /* PBXTargetDependency */,
			);
			name = SoloSetUITests;
			productName = SoloSetUITests;
			productReference = 352B16CC267306D7001F33CB /* SoloSetUITests.xctest */;
			productType = "com.apple.product-type.bundle.ui-testing";
		};
/* End PBXNativeTarget section */

/* Begin PBXProject section */
		352B16A8267306D6001F33CB /* Project object */ = {
			isa = PBXProject;
			attributes = {
				LastSwiftUpdateCheck = 1250;
				LastUpgradeCheck = 1250;
				TargetAttributes = {
					352B16AF267306D6001F33CB = {
						CreatedOnToolsVersion = 12.5;
					};
					352B16C0267306D7001F33CB = {
						CreatedOnToolsVersion = 12.5;
						TestTargetID = 352B16AF267306D6001F33CB;
					};
					352B16CB267306D7001F33CB = {
						CreatedOnToolsVersion = 12.5;
						TestTargetID = 352B16AF267306D6001F33CB;
					};
				};
			};
			buildConfigurationList = 352B16AB267306D6001F33CB /* Build configuration list for PBXProject "SoloSet" */;
			compatibilityVersion = "Xcode 9.3";
			developmentRegion = en;
			hasScannedForEncodings = 0;
			knownRegions = (
				en,
				Base,
				"zh-Hans",
			);
			mainGroup = 352B16A7267306D6001F33CB;
			packageReferences = (
			);
			productRefGroup = 352B16B1267306D6001F33CB /* Products */;
			projectDirPath = "";
			projectRoot = "";
			targets = (
				352B16AF267306D6001F33CB /* SoloSet */,
				352B16C0267306D7001F33CB /* SoloSetTests */,
				352B16CB267306D7001F33CB /* SoloSetUITests */,
			);
		};
/* End PBXProject section */

/* Begin PBXResourcesBuildPhase section */
		352B16AE267306D6001F33CB /* Resources */ = {
			isa = PBXResourcesBuildPhase;
			buildActionMask = 2147483647;
			files = (
				352B16BB267306D7001F33CB /* Preview Assets.xcassets in Resources */,
				3589F1C3267AF24B00D59F58 /* Localizable.strings in Resources */,
				352B16B8267306D7001F33CB /* Assets.xcassets in Resources */,
			);
			runOnlyForDeploymentPostprocessing = 0;
		};
		352B16BF267306D7001F33CB /* Resources */ = {
			isa = PBXResourcesBuildPhase;
			buildActionMask = 2147483647;
			files = (
			);
			runOnlyForDeploymentPostprocessing = 0;
		};
		352B16CA267306D7001F33CB /* Resources */ = {
			isa = PBXResourcesBuildPhase;
			buildActionMask = 2147483647;
			files = (
			);
			runOnlyForDeploymentPostprocessing = 0;
		};
/* End PBXResourcesBuildPhase section */

/* Begin PBXSourcesBuildPhase section */
		352B16AC267306D6001F33CB /* Sources */ = {
			isa = PBXSourcesBuildPhase;
			buildActionMask = 2147483647;
			files = (
				35BE22C4267440E30049B6B4 /* Theme.swift in Sources */,
				3546302E26735D510046D879 /* CardLogic.swift in Sources */,
				351B3A602678E7A600853A09 /* AspectVGrid.swift in Sources */,
				3589F1C8267B018600D59F58 /* ExampleCards.swift in Sources */,
				35BE22C8267443A30049B6B4 /* CardContentView.swift in Sources */,
				356987272673B2A800A7B60D /* Card.swift in Sources */,
				352B16DF26730E03001F33CB /* CardViewShape.swift in Sources */,
				352B16B6267306D6001F33CB /* SetGameView.swift in Sources */,
				35874CB52678C1EA006C7247 /* SetGameBaseView.swift in Sources */,
				35874CBA2678C8CB006C7247 /* RuleSheet.swift in Sources */,
				35BE22CD267458BF0049B6B4 /* CardBackView.swift in Sources */,
				356987292673B2CF00A7B60D /* ModelEnum.swift in Sources */,
				3546302C26735CBE0046D879 /* SetGame.swift in Sources */,
				35BE22C226743BFC0049B6B4 /* CardView.swift in Sources */,
				352B16B4267306D6001F33CB /* SoloSetApp.swift in Sources */,
			);
			runOnlyForDeploymentPostprocessing = 0;
		};
		352B16BD267306D7001F33CB /* Sources */ = {
			isa = PBXSourcesBuildPhase;
			buildActionMask = 2147483647;
			files = (
				352B16C6267306D7001F33CB /* SoloSetTests.swift in Sources */,
			);
			runOnlyForDeploymentPostprocessing = 0;
		};
		352B16C8267306D7001F33CB /* Sources */ = {
			isa = PBXSourcesBuildPhase;
			buildActionMask = 2147483647;
			files = (
				352B16D1267306D7001F33CB /* SoloSetUITests.swift in Sources */,
			);
			runOnlyForDeploymentPostprocessing = 0;
		};
/* End PBXSourcesBuildPhase section */

/* Begin PBXTargetDependency section */
		352B16C3267306D7001F33CB /* PBXTargetDependency */ = {
			isa = PBXTargetDependency;
			target = 352B16AF267306D6001F33CB /* SoloSet */;
			targetProxy = 352B16C2267306D7001F33CB /* PBXContainerItemProxy */;
		};
		352B16CE267306D7001F33CB /* PBXTargetDependency */ = {
			isa = PBXTargetDependency;
			target = 352B16AF267306D6001F33CB /* SoloSet */;
			targetProxy = 352B16CD267306D7001F33CB /* PBXContainerItemProxy */;
		};
/* End PBXTargetDependency section */

/* Begin PBXVariantGroup section */
		3589F1C5267AF24B00D59F58 /* Localizable.strings */ = {
			isa = PBXVariantGroup;
			children = (
				3589F1C4267AF24B00D59F58 /* en */,
				3589F1C6267AF24E00D59F58 /* zh-Hans */,
			);
			name = Localizable.strings;
			sourceTree = "<group>";
		};
/* End PBXVariantGroup section */

/* Begin XCBuildConfiguration section */
		352B16D3267306D7001F33CB /* Debug */ = {
			isa = XCBuildConfiguration;
			buildSettings = {
				ALWAYS_SEARCH_USER_PATHS = NO;
				CLANG_ANALYZER_NONNULL = YES;
				CLANG_ANALYZER_NUMBER_OBJECT_CONVERSION = YES_AGGRESSIVE;
				CLANG_CXX_LANGUAGE_STANDARD = "gnu++14";
				CLANG_CXX_LIBRARY = "libc++";
				CLANG_ENABLE_MODULES = YES;
				CLANG_ENABLE_OBJC_ARC = YES;
				CLANG_ENABLE_OBJC_WEAK = YES;
				CLANG_WARN_BLOCK_CAPTURE_AUTORELEASING = YES;
				CLANG_WARN_BOOL_CONVERSION = YES;
				CLANG_WARN_COMMA = YES;
				CLANG_WARN_CONSTANT_CONVERSION = YES;
				CLANG_WARN_DEPRECATED_OBJC_IMPLEMENTATIONS = YES;
				CLANG_WARN_DIRECT_OBJC_ISA_USAGE = YES_ERROR;
				CLANG_WARN_DOCUMENTATION_COMMENTS = YES;
				CLANG_WARN_EMPTY_BODY = YES;
				CLANG_WARN_ENUM_CONVERSION = YES;
				CLANG_WARN_INFINITE_RECURSION = YES;
				CLANG_WARN_INT_CONVERSION = YES;
				CLANG_WARN_NON_LITERAL_NULL_CONVERSION = YES;
				CLANG_WARN_OBJC_IMPLICIT_RETAIN_SELF = YES;
				CLANG_WARN_OBJC_LITERAL_CONVERSION = YES;
				CLANG_WARN_OBJC_ROOT_CLASS = YES_ERROR;
				CLANG_WARN_QUOTED_INCLUDE_IN_FRAMEWORK_HEADER = YES;
				CLANG_WARN_RANGE_LOOP_ANALYSIS = YES;
				CLANG_WARN_STRICT_PROTOTYPES = YES;
				CLANG_WARN_SUSPICIOUS_MOVE = YES;
				CLANG_WARN_UNGUARDED_AVAILABILITY = YES_AGGRESSIVE;
				CLANG_WARN_UNREACHABLE_CODE = YES;
				CLANG_WARN__DUPLICATE_METHOD_MATCH = YES;
				COPY_PHASE_STRIP = NO;
				DEBUG_INFORMATION_FORMAT = dwarf;
				ENABLE_STRICT_OBJC_MSGSEND = YES;
				ENABLE_TESTABILITY = YES;
				GCC_C_LANGUAGE_STANDARD = gnu11;
				GCC_DYNAMIC_NO_PIC = NO;
				GCC_NO_COMMON_BLOCKS = YES;
				GCC_OPTIMIZATION_LEVEL = 0;
				GCC_PREPROCESSOR_DEFINITIONS = (
					"DEBUG=1",
					"$(inherited)",
				);
				GCC_WARN_64_TO_32_BIT_CONVERSION = YES;
				GCC_WARN_ABOUT_RETURN_TYPE = YES_ERROR;
				GCC_WARN_UNDECLARED_SELECTOR = YES;
				GCC_WARN_UNINITIALIZED_AUTOS = YES_AGGRESSIVE;
				GCC_WARN_UNUSED_FUNCTION = YES;
				GCC_WARN_UNUSED_VARIABLE = YES;
				IPHONEOS_DEPLOYMENT_TARGET = 14.5;
				MTL_ENABLE_DEBUG_INFO = INCLUDE_SOURCE;
				MTL_FAST_MATH = YES;
				ONLY_ACTIVE_ARCH = YES;
				SDKROOT = iphoneos;
				SWIFT_ACTIVE_COMPILATION_CONDITIONS = DEBUG;
				SWIFT_OPTIMIZATION_LEVEL = "-Onone";
			};
			name = Debug;
		};
		352B16D4267306D7001F33CB /* Release */ = {
			isa = XCBuildConfiguration;
			buildSettings = {
				ALWAYS_SEARCH_USER_PATHS = NO;
				CLANG_ANALYZER_NONNULL = YES;
				CLANG_ANALYZER_NUMBER_OBJECT_CONVERSION = YES_AGGRESSIVE;
				CLANG_CXX_LANGUAGE_STANDARD = "gnu++14";
				CLANG_CXX_LIBRARY = "libc++";
				CLANG_ENABLE_MODULES = YES;
				CLANG_ENABLE_OBJC_ARC = YES;
				CLANG_ENABLE_OBJC_WEAK = YES;
				CLANG_WARN_BLOCK_CAPTURE_AUTORELEASING = YES;
				CLANG_WARN_BOOL_CONVERSION = YES;
				CLANG_WARN_COMMA = YES;
				CLANG_WARN_CONSTANT_CONVERSION = YES;
				CLANG_WARN_DEPRECATED_OBJC_IMPLEMENTATIONS = YES;
				CLANG_WARN_DIRECT_OBJC_ISA_USAGE = YES_ERROR;
				CLANG_WARN_DOCUMENTATION_COMMENTS = YES;
				CLANG_WARN_EMPTY_BODY = YES;
				CLANG_WARN_ENUM_CONVERSION = YES;
				CLANG_WARN_INFINITE_RECURSION = YES;
				CLANG_WARN_INT_CONVERSION = YES;
				CLANG_WARN_NON_LITERAL_NULL_CONVERSION = YES;
				CLANG_WARN_OBJC_IMPLICIT_RETAIN_SELF = YES;
				CLANG_WARN_OBJC_LITERAL_CONVERSION = YES;
				CLANG_WARN_OBJC_ROOT_CLASS = YES_ERROR;
				CLANG_WARN_QUOTED_INCLUDE_IN_FRAMEWORK_HEADER = YES;
				CLANG_WARN_RANGE_LOOP_ANALYSIS = YES;
				CLANG_WARN_STRICT_PROTOTYPES = YES;
				CLANG_WARN_SUSPICIOUS_MOVE = YES;
				CLANG_WARN_UNGUARDED_AVAILABILITY = YES_AGGRESSIVE;
				CLANG_WARN_UNREACHABLE_CODE = YES;
				CLANG_WARN__DUPLICATE_METHOD_MATCH = YES;
				COPY_PHASE_STRIP = NO;
				DEBUG_INFORMATION_FORMAT = "dwarf-with-dsym";
				ENABLE_NS_ASSERTIONS = NO;
				ENABLE_STRICT_OBJC_MSGSEND = YES;
				GCC_C_LANGUAGE_STANDARD = gnu11;
				GCC_NO_COMMON_BLOCKS = YES;
				GCC_WARN_64_TO_32_BIT_CONVERSION = YES;
				GCC_WARN_ABOUT_RETURN_TYPE = YES_ERROR;
				GCC_WARN_UNDECLARED_SELECTOR = YES;
				GCC_WARN_UNINITIALIZED_AUTOS = YES_AGGRESSIVE;
				GCC_WARN_UNUSED_FUNCTION = YES;
				GCC_WARN_UNUSED_VARIABLE = YES;
				IPHONEOS_DEPLOYMENT_TARGET = 14.5;
				MTL_ENABLE_DEBUG_INFO = NO;
				MTL_FAST_MATH = YES;
				SDKROOT = iphoneos;
				SWIFT_COMPILATION_MODE = wholemodule;
				SWIFT_OPTIMIZATION_LEVEL = "-O";
				VALIDATE_PRODUCT = YES;
			};
			name = Release;
		};
		352B16D6267306D7001F33CB /* Debug */ = {
			isa = XCBuildConfiguration;
			buildSettings = {
				ASSETCATALOG_COMPILER_APPICON_NAME = AppIcon;
				ASSETCATALOG_COMPILER_GLOBAL_ACCENT_COLOR_NAME = AccentColor;
				CODE_SIGN_STYLE = Automatic;
				DEVELOPMENT_ASSET_PATHS = "\"SoloSet/Preview Content\"";
				DEVELOPMENT_TEAM = NVF47AP6H6;
				ENABLE_PREVIEWS = YES;
				INFOPLIST_FILE = SoloSet/Info.plist;
				IPHONEOS_DEPLOYMENT_TARGET = 14.0;
				LD_RUNPATH_SEARCH_PATHS = (
					"$(inherited)",
					"@executable_path/Frameworks",
				);
				PRODUCT_BUNDLE_IDENTIFIER = com.weiha.SoloSet;
				PRODUCT_NAME = "$(TARGET_NAME)";
				SWIFT_VERSION = 5.0;
				TARGETED_DEVICE_FAMILY = "1,2";
			};
			name = Debug;
		};
		352B16D7267306D7001F33CB /* Release */ = {
			isa = XCBuildConfiguration;
			buildSettings = {
				ASSETCATALOG_COMPILER_APPICON_NAME = AppIcon;
				ASSETCATALOG_COMPILER_GLOBAL_ACCENT_COLOR_NAME = AccentColor;
				CODE_SIGN_STYLE = Automatic;
				DEVELOPMENT_ASSET_PATHS = "\"SoloSet/Preview Content\"";
				DEVELOPMENT_TEAM = NVF47AP6H6;
				ENABLE_PREVIEWS = YES;
				INFOPLIST_FILE = SoloSet/Info.plist;
				IPHONEOS_DEPLOYMENT_TARGET = 14.0;
				LD_RUNPATH_SEARCH_PATHS = (
					"$(inherited)",
					"@executable_path/Frameworks",
				);
				PRODUCT_BUNDLE_IDENTIFIER = com.weiha.SoloSet;
				PRODUCT_NAME = "$(TARGET_NAME)";
				SWIFT_VERSION = 5.0;
				TARGETED_DEVICE_FAMILY = "1,2";
			};
			name = Release;
		};
		352B16D9267306D7001F33CB /* Debug */ = {
			isa = XCBuildConfiguration;
			buildSettings = {
				ALWAYS_EMBED_SWIFT_STANDARD_LIBRARIES = YES;
				BUNDLE_LOADER = "$(TEST_HOST)";
				CODE_SIGN_STYLE = Automatic;
				DEVELOPMENT_TEAM = NVF47AP6H6;
				INFOPLIST_FILE = SoloSetTests/Info.plist;
				IPHONEOS_DEPLOYMENT_TARGET = 14.0;
				LD_RUNPATH_SEARCH_PATHS = (
					"$(inherited)",
					"@executable_path/Frameworks",
					"@loader_path/Frameworks",
				);
				PRODUCT_BUNDLE_IDENTIFIER = com.weiha.SoloSetTests;
				PRODUCT_NAME = "$(TARGET_NAME)";
				SWIFT_VERSION = 5.0;
				TARGETED_DEVICE_FAMILY = "1,2";
				TEST_HOST = "$(BUILT_PRODUCTS_DIR)/SoloSet.app/SoloSet";
			};
			name = Debug;
		};
		352B16DA267306D7001F33CB /* Release */ = {
			isa = XCBuildConfiguration;
			buildSettings = {
				ALWAYS_EMBED_SWIFT_STANDARD_LIBRARIES = YES;
				BUNDLE_LOADER = "$(TEST_HOST)";
				CODE_SIGN_STYLE = Automatic;
				DEVELOPMENT_TEAM = NVF47AP6H6;
				INFOPLIST_FILE = SoloSetTests/Info.plist;
				IPHONEOS_DEPLOYMENT_TARGET = 14.0;
				LD_RUNPATH_SEARCH_PATHS = (
					"$(inherited)",
					"@executable_path/Frameworks",
					"@loader_path/Frameworks",
				);
				PRODUCT_BUNDLE_IDENTIFIER = com.weiha.SoloSetTests;
				PRODUCT_NAME = "$(TARGET_NAME)";
				SWIFT_VERSION = 5.0;
				TARGETED_DEVICE_FAMILY = "1,2";
				TEST_HOST = "$(BUILT_PRODUCTS_DIR)/SoloSet.app/SoloSet";
			};
			name = Release;
		};
		352B16DC267306D7001F33CB /* Debug */ = {
			isa = XCBuildConfiguration;
			buildSettings = {
				ALWAYS_EMBED_SWIFT_STANDARD_LIBRARIES = YES;
				CODE_SIGN_STYLE = Automatic;
				DEVELOPMENT_TEAM = NVF47AP6H6;
				INFOPLIST_FILE = SoloSetUITests/Info.plist;
				LD_RUNPATH_SEARCH_PATHS = (
					"$(inherited)",
					"@executable_path/Frameworks",
					"@loader_path/Frameworks",
				);
				PRODUCT_BUNDLE_IDENTIFIER = com.weiha.SoloSetUITests;
				PRODUCT_NAME = "$(TARGET_NAME)";
				SWIFT_VERSION = 5.0;
				TARGETED_DEVICE_FAMILY = "1,2";
				TEST_TARGET_NAME = SoloSet;
			};
			name = Debug;
		};
		352B16DD267306D7001F33CB /* Release */ = {
			isa = XCBuildConfiguration;
			buildSettings = {
				ALWAYS_EMBED_SWIFT_STANDARD_LIBRARIES = YES;
				CODE_SIGN_STYLE = Automatic;
				DEVELOPMENT_TEAM = NVF47AP6H6;
				INFOPLIST_FILE = SoloSetUITests/Info.plist;
				LD_RUNPATH_SEARCH_PATHS = (
					"$(inherited)",
					"@executable_path/Frameworks",
					"@loader_path/Frameworks",
				);
				PRODUCT_BUNDLE_IDENTIFIER = com.weiha.SoloSetUITests;
				PRODUCT_NAME = "$(TARGET_NAME)";
				SWIFT_VERSION = 5.0;
				TARGETED_DEVICE_FAMILY = "1,2";
				TEST_TARGET_NAME = SoloSet;
			};
			name = Release;
		};
/* End XCBuildConfiguration section */

/* Begin XCConfigurationList section */
		352B16AB267306D6001F33CB /* Build configuration list for PBXProject "SoloSet" */ = {
			isa = XCConfigurationList;
			buildConfigurations = (
				352B16D3267306D7001F33CB /* Debug */,
				352B16D4267306D7001F33CB /* Release */,
			);
			defaultConfigurationIsVisible = 0;
			defaultConfigurationName = Release;
		};
		352B16D5267306D7001F33CB /* Build configuration list for PBXNativeTarget "SoloSet" */ = {
			isa = XCConfigurationList;
			buildConfigurations = (
				352B16D6267306D7001F33CB /* Debug */,
				352B16D7267306D7001F33CB /* Release */,
			);
			defaultConfigurationIsVisible = 0;
			defaultConfigurationName = Release;
		};
		352B16D8267306D7001F33CB /* Build configuration list for PBXNativeTarget "SoloSetTests" */ = {
			isa = XCConfigurationList;
			buildConfigurations = (
				352B16D9267306D7001F33CB /* Debug */,
				352B16DA267306D7001F33CB /* Release */,
			);
			defaultConfigurationIsVisible = 0;
			defaultConfigurationName = Release;
		};
		352B16DB267306D7001F33CB /* Build configuration list for PBXNativeTarget "SoloSetUITests" */ = {
			isa = XCConfigurationList;
			buildConfigurations = (
				352B16DC267306D7001F33CB /* Debug */,
				352B16DD267306D7001F33CB /* Release */,
			);
			defaultConfigurationIsVisible = 0;
			defaultConfigurationName = Release;
		};
/* End XCConfigurationList section */
	};
	rootObject = 352B16A8267306D6001F33CB /* Project object */;
}
